
Microsoft Visual Studio Solution File, Format Version 12.00
# Visual Studio Version 16
VisualStudioVersion = 16.0.30717.126
MinimumVisualStudioVersion = 10.0.40219.1
Project("{9A19103F-16F7-4668-BE54-9A1E7A4F7556}") = "WALL.Basket.API", "WALL.Basket.API\WALL.Basket.API.csproj", "{6CA4C0F4-9DD8-4FB9-8BF2-4AD1E47947B0}"
EndProject
Project("{9A19103F-16F7-4668-BE54-9A1E7A4F7556}") = "Wall.Integration.MessagingBus", "Wall.Integration.MessagingBus\Wall.Integration.MessagingBus.csproj", "{D436D741-BEC2-4B05-8ED4-37177BABB148}"
EndProject
Project("{9A19103F-16F7-4668-BE54-9A1E7A4F7556}") = "Wall.Integration.Messages", "Wall.Integration.Messages\Wall.Integration.Messages.csproj", "{A81567B3-92A5-4449-BBAA-1862A01C9355}"
EndProject
Project("{9A19103F-16F7-4668-BE54-9A1E7A4F7556}") = "WALL.Discount.API", "WALL.Discount.API\WALL.Discount.API.csproj", "{9D01517F-6651-4070-881C-6719CCD4655A}"
EndProject
Project("{9A19103F-16F7-4668-BE54-9A1E7A4F7556}") = "WALL.Catalog.API", "WALL.Catalog.API\WALL.Catalog.API.csproj", "{2536F64D-CCA5-4AA6-A730-5141E3425D97}"
EndProject
Project("{E53339B2-1760-4266-BCC7-CA923CBCF16C}") = "docker-compose", "docker-compose.dcproj", "{BA3C6DA8-CD83-4B52-BDAF-ECA752A2EE03}"
EndProject
Project("{2150E333-8FDC-42A3-9474-1A3956D46DE8}") = "DTO", "DTO", "{3B53B743-A9C1-47CE-BF0F-7FCF8239AA8C}"
EndProject
Project("{2150E333-8FDC-42A3-9474-1A3956D46DE8}") = "Infrastructure", "Infrastructure", "{F71697BD-E3E3-4390-8478-2F90F716B9F1}"
EndProject
Project("{2150E333-8FDC-42A3-9474-1A3956D46DE8}") = "Model", "Model", "{DC6BBDAB-1DB6-4C6A-8EB8-A9A799AC8790}"
EndProject
Project("{2150E333-8FDC-42A3-9474-1A3956D46DE8}") = "Entity", "Entity", "{841784B6-0C04-4C58-BE55-159EF79853D3}"
EndProject
Project("{2150E333-8FDC-42A3-9474-1A3956D46DE8}") = "Mapper", "Mapper", "{C92274E5-CF97-4205-A095-D4A6A0830B32}"
EndProject
Project("{2150E333-8FDC-42A3-9474-1A3956D46DE8}") = "Service", "Service", "{9B59529E-E061-4202-9A35-F3430CDE0639}"
EndProject
Project("{9A19103F-16F7-4668-BE54-9A1E7A4F7556}") = "Wall.Catalog.Repository", "Wall.Catalog.Repository\Wall.Catalog.Repository.csproj", "{27048B3A-6564-4A97-82D6-639E5ED4AA54}"
EndProject
Project("{9A19103F-16F7-4668-BE54-9A1E7A4F7556}") = "Wall.Catalog.Repository.Interface", "Wall.Catalog.Repository.Interface\Wall.Catalog.Repository.Interface.csproj", "{C303DA92-09FB-4548-91C6-5BB74A0DFC9A}"
EndProject
Project("{9A19103F-16F7-4668-BE54-9A1E7A4F7556}") = "Wall.Service.Mapper", "Wall.Catalog.Mapper\Wall.Service.Mapper.csproj", "{0AF6FA68-40D0-4AA6-A007-B999262FEFFD}"
EndProject
Project("{9A19103F-16F7-4668-BE54-9A1E7A4F7556}") = "Wall.Catalog.Entity", "Wall.Catalog.Entity\Wall.Catalog.Entity.csproj", "{BBACB765-1CBB-4765-940D-B29AD71F85B7}"
EndProject
Project("{9A19103F-16F7-4668-BE54-9A1E7A4F7556}") = "WALL.Catalog.DTO", "WALL.Catalog.DTO\WALL.Catalog.DTO.csproj", "{6ED70A72-5DDF-43CA-BB33-08362778CED5}"
EndProject
Project("{9A19103F-16F7-4668-BE54-9A1E7A4F7556}") = "Wall.Service.Repository", "Wall.Service.Repository\Wall.Service.Repository.csproj", "{4E640147-890D-4E21-9F32-6478F9859130}"
EndProject
Project("{9A19103F-16F7-4668-BE54-9A1E7A4F7556}") = "Wall.Service.DependencyResolver", "Wall.Service.DependencyResolver\Wall.Service.DependencyResolver.csproj", "{F06B4571-F3A0-4CA1-AD04-E380808BC3A3}"
EndProject
Project("{9A19103F-16F7-4668-BE54-9A1E7A4F7556}") = "Wall.Service.DataAccessLayer", "Wall.Service.DataAccessLayer\Wall.Service.DataAccessLayer.csproj", "{4A22AF21-35B8-4862-910C-EDA62256F94C}"
EndProject
Project("{9A19103F-16F7-4668-BE54-9A1E7A4F7556}") = "Wall.Basket.Repository", "Wall.Basket.Repository\Wall.Basket.Repository.csproj", "{7DBDF621-05DD-4450-BA24-2B0D15201A75}"
EndProject
Project("{9A19103F-16F7-4668-BE54-9A1E7A4F7556}") = "Wall.Basket.Repository.Interface", "Wall.Basket.Repository.Interface\Wall.Basket.Repository.Interface.csproj", "{9FAF0E00-D641-441A-BDC6-42268F598306}"
EndProject
Project("{9A19103F-16F7-4668-BE54-9A1E7A4F7556}") = "Wall.BasketChangeEvent.Repository", "Wall.BasketChangeEvent.Repository\Wall.BasketChangeEvent.Repository.csproj", "{FF8D6F6C-059F-4762-8D14-1DFC19098422}"
EndProject
Project("{9A19103F-16F7-4668-BE54-9A1E7A4F7556}") = "Wall.BasketChangeEvent.Repository.Interface", "Wall.BasketChangeEvent.Repository.Interface\Wall.BasketChangeEvent.Repository.Interface.csproj", "{6F5880A2-0DD8-45C2-948D-DCB67C101FBA}"
EndProject
Project("{9A19103F-16F7-4668-BE54-9A1E7A4F7556}") = "Wall.BasketEvent.Repository", "Wall.BasketEvent.Repository\Wall.BasketEvent.Repository.csproj", "{02019153-7216-4BB4-98B7-DBC5B45AB5BD}"
EndProject
Project("{9A19103F-16F7-4668-BE54-9A1E7A4F7556}") = "Wall.BasketEvent.Repository.Interface", "Wall.BasketEvent.Repository.Interface\Wall.BasketEvent.Repository.Interface.csproj", "{3CA6FD23-816C-4404-AFF6-7553352106B9}"
EndProject
Project("{9A19103F-16F7-4668-BE54-9A1E7A4F7556}") = "Wall.BasketLine.Repository.Interface", "Wall.BasketLine.Repository.Interface\Wall.BasketLine.Repository.Interface.csproj", "{D9C76BB6-E8B0-423B-86FB-2EDF99157507}"
EndProject
Project("{9A19103F-16F7-4668-BE54-9A1E7A4F7556}") = "Wall.BasketLine.Repository", "Wall.BasketLine.Repository\Wall.BasketLine.Repository.csproj", "{0A502AF7-1409-40D9-ACC2-79FF506E9452}"
EndProject
Project("{9A19103F-16F7-4668-BE54-9A1E7A4F7556}") = "Wall.Discount.Repository.Interface", "Wall.Discount.Repository.Interface\Wall.Discount.Repository.Interface.csproj", "{A337D99F-E62F-4275-88A4-B5EB625C5801}"
EndProject
Project("{9A19103F-16F7-4668-BE54-9A1E7A4F7556}") = "Wall.Discount.Repository", "Wall.Discount.Repository\Wall.Discount.Repository.csproj", "{DAD022AA-E546-4560-A261-F8F64095BA89}"
EndProject
Project("{9A19103F-16F7-4668-BE54-9A1E7A4F7556}") = "Wall.Basket.DTO", "Wall.Basket.DTO\Wall.Basket.DTO.csproj", "{374F4BE7-16C2-447A-897F-377003C4D670}"
EndProject
Project("{9A19103F-16F7-4668-BE54-9A1E7A4F7556}") = "Wall.Basket.Entity", "Wall.Basket.Entity\Wall.Basket.Entity.csproj", "{5AC6AAF0-4267-47A7-A4EA-0FEAB31C0B2F}"
EndProject
Project("{9A19103F-16F7-4668-BE54-9A1E7A4F7556}") = "Wall.Discount.Entity", "Wall.Discount.Entity\Wall.Discount.Entity.csproj", "{15B2944F-84A6-48C4-96CB-B9DBDEC8AB89}"
EndProject
Project("{9A19103F-16F7-4668-BE54-9A1E7A4F7556}") = "Wall.Service.Extensions", "Wall.Service.Extensions\Wall.Service.Extensions.csproj", "{6B81ECBF-B5A2-41F5-8FA2-D7D03E77081B}"
EndProject
Global
	GlobalSection(SolutionConfigurationPlatforms) = preSolution
		Debug|Any CPU = Debug|Any CPU
		Release|Any CPU = Release|Any CPU
	EndGlobalSection
	GlobalSection(ProjectConfigurationPlatforms) = postSolution
		{6CA4C0F4-9DD8-4FB9-8BF2-4AD1E47947B0}.Debug|Any CPU.ActiveCfg = Debug|Any CPU
		{6CA4C0F4-9DD8-4FB9-8BF2-4AD1E47947B0}.Debug|Any CPU.Build.0 = Debug|Any CPU
		{6CA4C0F4-9DD8-4FB9-8BF2-4AD1E47947B0}.Release|Any CPU.ActiveCfg = Release|Any CPU
		{6CA4C0F4-9DD8-4FB9-8BF2-4AD1E47947B0}.Release|Any CPU.Build.0 = Release|Any CPU
		{D436D741-BEC2-4B05-8ED4-37177BABB148}.Debug|Any CPU.ActiveCfg = Debug|Any CPU
		{D436D741-BEC2-4B05-8ED4-37177BABB148}.Debug|Any CPU.Build.0 = Debug|Any CPU
		{D436D741-BEC2-4B05-8ED4-37177BABB148}.Release|Any CPU.ActiveCfg = Release|Any CPU
		{D436D741-BEC2-4B05-8ED4-37177BABB148}.Release|Any CPU.Build.0 = Release|Any CPU
		{A81567B3-92A5-4449-BBAA-1862A01C9355}.Debug|Any CPU.ActiveCfg = Debug|Any CPU
		{A81567B3-92A5-4449-BBAA-1862A01C9355}.Debug|Any CPU.Build.0 = Debug|Any CPU
		{A81567B3-92A5-4449-BBAA-1862A01C9355}.Release|Any CPU.ActiveCfg = Release|Any CPU
		{A81567B3-92A5-4449-BBAA-1862A01C9355}.Release|Any CPU.Build.0 = Release|Any CPU
		{9D01517F-6651-4070-881C-6719CCD4655A}.Debug|Any CPU.ActiveCfg = Debug|Any CPU
		{9D01517F-6651-4070-881C-6719CCD4655A}.Debug|Any CPU.Build.0 = Debug|Any CPU
		{9D01517F-6651-4070-881C-6719CCD4655A}.Release|Any CPU.ActiveCfg = Release|Any CPU
		{9D01517F-6651-4070-881C-6719CCD4655A}.Release|Any CPU.Build.0 = Release|Any CPU
		{2536F64D-CCA5-4AA6-A730-5141E3425D97}.Debug|Any CPU.ActiveCfg = Debug|Any CPU
		{2536F64D-CCA5-4AA6-A730-5141E3425D97}.Debug|Any CPU.Build.0 = Debug|Any CPU
		{2536F64D-CCA5-4AA6-A730-5141E3425D97}.Release|Any CPU.ActiveCfg = Release|Any CPU
		{2536F64D-CCA5-4AA6-A730-5141E3425D97}.Release|Any CPU.Build.0 = Release|Any CPU
		{BA3C6DA8-CD83-4B52-BDAF-ECA752A2EE03}.Debug|Any CPU.ActiveCfg = Debug|Any CPU
		{BA3C6DA8-CD83-4B52-BDAF-ECA752A2EE03}.Debug|Any CPU.Build.0 = Debug|Any CPU
		{BA3C6DA8-CD83-4B52-BDAF-ECA752A2EE03}.Release|Any CPU.ActiveCfg = Release|Any CPU
		{BA3C6DA8-CD83-4B52-BDAF-ECA752A2EE03}.Release|Any CPU.Build.0 = Release|Any CPU
		{27048B3A-6564-4A97-82D6-639E5ED4AA54}.Debug|Any CPU.ActiveCfg = Debug|Any CPU
		{27048B3A-6564-4A97-82D6-639E5ED4AA54}.Debug|Any CPU.Build.0 = Debug|Any CPU
		{27048B3A-6564-4A97-82D6-639E5ED4AA54}.Release|Any CPU.ActiveCfg = Release|Any CPU
		{27048B3A-6564-4A97-82D6-639E5ED4AA54}.Release|Any CPU.Build.0 = Release|Any CPU
		{C303DA92-09FB-4548-91C6-5BB74A0DFC9A}.Debug|Any CPU.ActiveCfg = Debug|Any CPU
		{C303DA92-09FB-4548-91C6-5BB74A0DFC9A}.Debug|Any CPU.Build.0 = Debug|Any CPU
		{C303DA92-09FB-4548-91C6-5BB74A0DFC9A}.Release|Any CPU.ActiveCfg = Release|Any CPU
		{C303DA92-09FB-4548-91C6-5BB74A0DFC9A}.Release|Any CPU.Build.0 = Release|Any CPU
		{0AF6FA68-40D0-4AA6-A007-B999262FEFFD}.Debug|Any CPU.ActiveCfg = Debug|Any CPU
		{0AF6FA68-40D0-4AA6-A007-B999262FEFFD}.Debug|Any CPU.Build.0 = Debug|Any CPU
		{0AF6FA68-40D0-4AA6-A007-B999262FEFFD}.Release|Any CPU.ActiveCfg = Release|Any CPU
		{0AF6FA68-40D0-4AA6-A007-B999262FEFFD}.Release|Any CPU.Build.0 = Release|Any CPU
		{BBACB765-1CBB-4765-940D-B29AD71F85B7}.Debug|Any CPU.ActiveCfg = Debug|Any CPU
		{BBACB765-1CBB-4765-940D-B29AD71F85B7}.Debug|Any CPU.Build.0 = Debug|Any CPU
		{BBACB765-1CBB-4765-940D-B29AD71F85B7}.Release|Any CPU.ActiveCfg = Release|Any CPU
		{BBACB765-1CBB-4765-940D-B29AD71F85B7}.Release|Any CPU.Build.0 = Release|Any CPU
		{6ED70A72-5DDF-43CA-BB33-08362778CED5}.Debug|Any CPU.ActiveCfg = Debug|Any CPU
		{6ED70A72-5DDF-43CA-BB33-08362778CED5}.Debug|Any CPU.Build.0 = Debug|Any CPU
		{6ED70A72-5DDF-43CA-BB33-08362778CED5}.Release|Any CPU.ActiveCfg = Release|Any CPU
		{6ED70A72-5DDF-43CA-BB33-08362778CED5}.Release|Any CPU.Build.0 = Release|Any CPU
		{4E640147-890D-4E21-9F32-6478F9859130}.Debug|Any CPU.ActiveCfg = Debug|Any CPU
		{4E640147-890D-4E21-9F32-6478F9859130}.Debug|Any CPU.Build.0 = Debug|Any CPU
		{4E640147-890D-4E21-9F32-6478F9859130}.Release|Any CPU.ActiveCfg = Release|Any CPU
		{4E640147-890D-4E21-9F32-6478F9859130}.Release|Any CPU.Build.0 = Release|Any CPU
		{F06B4571-F3A0-4CA1-AD04-E380808BC3A3}.Debug|Any CPU.ActiveCfg = Debug|Any CPU
		{F06B4571-F3A0-4CA1-AD04-E380808BC3A3}.Debug|Any CPU.Build.0 = Debug|Any CPU
		{F06B4571-F3A0-4CA1-AD04-E380808BC3A3}.Release|Any CPU.ActiveCfg = Release|Any CPU
		{F06B4571-F3A0-4CA1-AD04-E380808BC3A3}.Release|Any CPU.Build.0 = Release|Any CPU
		{4A22AF21-35B8-4862-910C-EDA62256F94C}.Debug|Any CPU.ActiveCfg = Debug|Any CPU
		{4A22AF21-35B8-4862-910C-EDA62256F94C}.Debug|Any CPU.Build.0 = Debug|Any CPU
		{4A22AF21-35B8-4862-910C-EDA62256F94C}.Release|Any CPU.ActiveCfg = Release|Any CPU
		{4A22AF21-35B8-4862-910C-EDA62256F94C}.Release|Any CPU.Build.0 = Release|Any CPU
		{7DBDF621-05DD-4450-BA24-2B0D15201A75}.Debug|Any CPU.ActiveCfg = Debug|Any CPU
		{7DBDF621-05DD-4450-BA24-2B0D15201A75}.Debug|Any CPU.Build.0 = Debug|Any CPU
		{7DBDF621-05DD-4450-BA24-2B0D15201A75}.Release|Any CPU.ActiveCfg = Release|Any CPU
		{7DBDF621-05DD-4450-BA24-2B0D15201A75}.Release|Any CPU.Build.0 = Release|Any CPU
		{9FAF0E00-D641-441A-BDC6-42268F598306}.Debug|Any CPU.ActiveCfg = Debug|Any CPU
		{9FAF0E00-D641-441A-BDC6-42268F598306}.Debug|Any CPU.Build.0 = Debug|Any CPU
		{9FAF0E00-D641-441A-BDC6-42268F598306}.Release|Any CPU.ActiveCfg = Release|Any CPU
		{9FAF0E00-D641-441A-BDC6-42268F598306}.Release|Any CPU.Build.0 = Release|Any CPU
		{FF8D6F6C-059F-4762-8D14-1DFC19098422}.Debug|Any CPU.ActiveCfg = Debug|Any CPU
		{FF8D6F6C-059F-4762-8D14-1DFC19098422}.Debug|Any CPU.Build.0 = Debug|Any CPU
		{FF8D6F6C-059F-4762-8D14-1DFC19098422}.Release|Any CPU.ActiveCfg = Release|Any CPU
		{FF8D6F6C-059F-4762-8D14-1DFC19098422}.Release|Any CPU.Build.0 = Release|Any CPU
		{6F5880A2-0DD8-45C2-948D-DCB67C101FBA}.Debug|Any CPU.ActiveCfg = Debug|Any CPU
		{6F5880A2-0DD8-45C2-948D-DCB67C101FBA}.Debug|Any CPU.Build.0 = Debug|Any CPU
		{6F5880A2-0DD8-45C2-948D-DCB67C101FBA}.Release|Any CPU.ActiveCfg = Release|Any CPU
		{6F5880A2-0DD8-45C2-948D-DCB67C101FBA}.Release|Any CPU.Build.0 = Release|Any CPU
		{02019153-7216-4BB4-98B7-DBC5B45AB5BD}.Debug|Any CPU.ActiveCfg = Debug|Any CPU
		{02019153-7216-4BB4-98B7-DBC5B45AB5BD}.Debug|Any CPU.Build.0 = Debug|Any CPU
		{02019153-7216-4BB4-98B7-DBC5B45AB5BD}.Release|Any CPU.ActiveCfg = Release|Any CPU
		{02019153-7216-4BB4-98B7-DBC5B45AB5BD}.Release|Any CPU.Build.0 = Release|Any CPU
		{3CA6FD23-816C-4404-AFF6-7553352106B9}.Debug|Any CPU.ActiveCfg = Debug|Any CPU
		{3CA6FD23-816C-4404-AFF6-7553352106B9}.Debug|Any CPU.Build.0 = Debug|Any CPU
		{3CA6FD23-816C-4404-AFF6-7553352106B9}.Release|Any CPU.ActiveCfg = Release|Any CPU
		{3CA6FD23-816C-4404-AFF6-7553352106B9}.Release|Any CPU.Build.0 = Release|Any CPU
		{D9C76BB6-E8B0-423B-86FB-2EDF99157507}.Debug|Any CPU.ActiveCfg = Debug|Any CPU
		{D9C76BB6-E8B0-423B-86FB-2EDF99157507}.Debug|Any CPU.Build.0 = Debug|Any CPU
		{D9C76BB6-E8B0-423B-86FB-2EDF99157507}.Release|Any CPU.ActiveCfg = Release|Any CPU
		{D9C76BB6-E8B0-423B-86FB-2EDF99157507}.Release|Any CPU.Build.0 = Release|Any CPU
		{0A502AF7-1409-40D9-ACC2-79FF506E9452}.Debug|Any CPU.ActiveCfg = Debug|Any CPU
		{0A502AF7-1409-40D9-ACC2-79FF506E9452}.Debug|Any CPU.Build.0 = Debug|Any CPU
		{0A502AF7-1409-40D9-ACC2-79FF506E9452}.Release|Any CPU.ActiveCfg = Release|Any CPU
		{0A502AF7-1409-40D9-ACC2-79FF506E9452}.Release|Any CPU.Build.0 = Release|Any CPU
		{A337D99F-E62F-4275-88A4-B5EB625C5801}.Debug|Any CPU.ActiveCfg = Debug|Any CPU
		{A337D99F-E62F-4275-88A4-B5EB625C5801}.Debug|Any CPU.Build.0 = Debug|Any CPU
		{A337D99F-E62F-4275-88A4-B5EB625C5801}.Release|Any CPU.ActiveCfg = Release|Any CPU
		{A337D99F-E62F-4275-88A4-B5EB625C5801}.Release|Any CPU.Build.0 = Release|Any CPU
		{DAD022AA-E546-4560-A261-F8F64095BA89}.Debug|Any CPU.ActiveCfg = Debug|Any CPU
		{DAD022AA-E546-4560-A261-F8F64095BA89}.Debug|Any CPU.Build.0 = Debug|Any CPU
		{DAD022AA-E546-4560-A261-F8F64095BA89}.Release|Any CPU.ActiveCfg = Release|Any CPU
		{DAD022AA-E546-4560-A261-F8F64095BA89}.Release|Any CPU.Build.0 = Release|Any CPU
		{374F4BE7-16C2-447A-897F-377003C4D670}.Debug|Any CPU.ActiveCfg = Debug|Any CPU
		{374F4BE7-16C2-447A-897F-377003C4D670}.Debug|Any CPU.Build.0 = Debug|Any CPU
		{374F4BE7-16C2-447A-897F-377003C4D670}.Release|Any CPU.ActiveCfg = Release|Any CPU
		{374F4BE7-16C2-447A-897F-377003C4D670}.Release|Any CPU.Build.0 = Release|Any CPU
		{5AC6AAF0-4267-47A7-A4EA-0FEAB31C0B2F}.Debug|Any CPU.ActiveCfg = Debug|Any CPU
		{5AC6AAF0-4267-47A7-A4EA-0FEAB31C0B2F}.Debug|Any CPU.Build.0 = Debug|Any CPU
		{5AC6AAF0-4267-47A7-A4EA-0FEAB31C0B2F}.Release|Any CPU.ActiveCfg = Release|Any CPU
		{5AC6AAF0-4267-47A7-A4EA-0FEAB31C0B2F}.Release|Any CPU.Build.0 = Release|Any CPU
		{15B2944F-84A6-48C4-96CB-B9DBDEC8AB89}.Debug|Any CPU.ActiveCfg = Debug|Any CPU
		{15B2944F-84A6-48C4-96CB-B9DBDEC8AB89}.Debug|Any CPU.Build.0 = Debug|Any CPU
		{15B2944F-84A6-48C4-96CB-B9DBDEC8AB89}.Release|Any CPU.ActiveCfg = Release|Any CPU
		{15B2944F-84A6-48C4-96CB-B9DBDEC8AB89}.Release|Any CPU.Build.0 = Release|Any CPU
		{6B81ECBF-B5A2-41F5-8FA2-D7D03E77081B}.Debug|Any CPU.ActiveCfg = Debug|Any CPU
		{6B81ECBF-B5A2-41F5-8FA2-D7D03E77081B}.Debug|Any CPU.Build.0 = Debug|Any CPU
		{6B81ECBF-B5A2-41F5-8FA2-D7D03E77081B}.Release|Any CPU.ActiveCfg = Release|Any CPU
		{6B81ECBF-B5A2-41F5-8FA2-D7D03E77081B}.Release|Any CPU.Build.0 = Release|Any CPU
	EndGlobalSection
	GlobalSection(SolutionProperties) = preSolution
		HideSolutionNode = FALSE
	EndGlobalSection
	GlobalSection(NestedProjects) = preSolution
		{D436D741-BEC2-4B05-8ED4-37177BABB148} = {F71697BD-E3E3-4390-8478-2F90F716B9F1}
		{A81567B3-92A5-4449-BBAA-1862A01C9355} = {F71697BD-E3E3-4390-8478-2F90F716B9F1}
		{3B53B743-A9C1-47CE-BF0F-7FCF8239AA8C} = {DC6BBDAB-1DB6-4C6A-8EB8-A9A799AC8790}
		{841784B6-0C04-4C58-BE55-159EF79853D3} = {DC6BBDAB-1DB6-4C6A-8EB8-A9A799AC8790}
		{C92274E5-CF97-4205-A095-D4A6A0830B32} = {DC6BBDAB-1DB6-4C6A-8EB8-A9A799AC8790}
		{27048B3A-6564-4A97-82D6-639E5ED4AA54} = {9B59529E-E061-4202-9A35-F3430CDE0639}
		{C303DA92-09FB-4548-91C6-5BB74A0DFC9A} = {9B59529E-E061-4202-9A35-F3430CDE0639}
		{0AF6FA68-40D0-4AA6-A007-B999262FEFFD} = {C92274E5-CF97-4205-A095-D4A6A0830B32}
		{BBACB765-1CBB-4765-940D-B29AD71F85B7} = {841784B6-0C04-4C58-BE55-159EF79853D3}
		{6ED70A72-5DDF-43CA-BB33-08362778CED5} = {3B53B743-A9C1-47CE-BF0F-7FCF8239AA8C}
		{4E640147-890D-4E21-9F32-6478F9859130} = {F71697BD-E3E3-4390-8478-2F90F716B9F1}
		{F06B4571-F3A0-4CA1-AD04-E380808BC3A3} = {F71697BD-E3E3-4390-8478-2F90F716B9F1}
		{4A22AF21-35B8-4862-910C-EDA62256F94C} = {F71697BD-E3E3-4390-8478-2F90F716B9F1}
		{7DBDF621-05DD-4450-BA24-2B0D15201A75} = {9B59529E-E061-4202-9A35-F3430CDE0639}
		{9FAF0E00-D641-441A-BDC6-42268F598306} = {9B59529E-E061-4202-9A35-F3430CDE0639}
		{FF8D6F6C-059F-4762-8D14-1DFC19098422} = {9B59529E-E061-4202-9A35-F3430CDE0639}
		{6F5880A2-0DD8-45C2-948D-DCB67C101FBA} = {9B59529E-E061-4202-9A35-F3430CDE0639}
		{02019153-7216-4BB4-98B7-DBC5B45AB5BD} = {9B59529E-E061-4202-9A35-F3430CDE0639}
		{3CA6FD23-816C-4404-AFF6-7553352106B9} = {9B59529E-E061-4202-9A35-F3430CDE0639}
		{D9C76BB6-E8B0-423B-86FB-2EDF99157507} = {9B59529E-E061-4202-9A35-F3430CDE0639}
		{0A502AF7-1409-40D9-ACC2-79FF506E9452} = {9B59529E-E061-4202-9A35-F3430CDE0639}
		{A337D99F-E62F-4275-88A4-B5EB625C5801} = {9B59529E-E061-4202-9A35-F3430CDE0639}
		{DAD022AA-E546-4560-A261-F8F64095BA89} = {9B59529E-E061-4202-9A35-F3430CDE0639}
		{374F4BE7-16C2-447A-897F-377003C4D670} = {3B53B743-A9C1-47CE-BF0F-7FCF8239AA8C}
		{5AC6AAF0-4267-47A7-A4EA-0FEAB31C0B2F} = {841784B6-0C04-4C58-BE55-159EF79853D3}
		{15B2944F-84A6-48C4-96CB-B9DBDEC8AB89} = {841784B6-0C04-4C58-BE55-159EF79853D3}
		{6B81ECBF-B5A2-41F5-8FA2-D7D03E77081B} = {F71697BD-E3E3-4390-8478-2F90F716B9F1}
	EndGlobalSection
	GlobalSection(ExtensibilityGlobals) = postSolution
		SolutionGuid = {CA46FD94-E086-4EA6-8520-DAA3BC2F6C75}
	EndGlobalSection
EndGlobal
